{
    "_readme": [
        "This file locks the dependencies of your project to a known state",
        "Read more about it at https://getcomposer.org/doc/01-basic-usage.md#composer-lock-the-lock-file",
        "This file is @generated automatically"
    ],
    "hash": "169f3f4d5804dadb36098c715fa54a7f",
    "packages": [
        {
            "name": "facebook/php-sdk-v4",
            "version": "4.0.23",
            "source": {
                "type": "git",
                "url": "https://github.com/facebook/facebook-php-sdk-v4.git",
                "reference": "c82611e05596622c9bd7abfa1cea1512d885c95e"
            },
            "dist": {
                "type": "zip",
                "url": "https://api.github.com/repos/facebook/facebook-php-sdk-v4/zipball/c82611e05596622c9bd7abfa1cea1512d885c95e",
                "reference": "c82611e05596622c9bd7abfa1cea1512d885c95e",
                "shasum": ""
            },
            "require": {
                "php": ">=5.4.0"
            },
            "require-dev": {
                "guzzlehttp/guzzle": "~4.0",
                "mockery/mockery": "dev-master",
                "phpunit/phpunit": "3.7.*"
            },
            "suggest": {
                "guzzlehttp/guzzle": "Allows for implementation of the Guzzle HTTP client"
            },
            "type": "library",
            "autoload": {
                "psr-4": {
                    "Facebook\\": "src/Facebook/"
                }
            },
            "notification-url": "https://packagist.org/downloads/",
            "license": [
                "Facebook Platform"
            ],
            "authors": [
                {
                    "name": "Facebook",
                    "homepage": "https://github.com/facebook/facebook-php-sdk-v4/contributors"
                }
            ],
            "description": "Facebook SDK for PHP",
            "homepage": "https://github.com/facebook/facebook-php-sdk-v4",
            "keywords": [
                "facebook",
                "sdk"
            ],
            "time": "2015-04-03 20:31:47"
        },
        {
            "name": "knplabs/knp-snappy",
            "version": "0.4",
            "source": {
                "type": "git",
                "url": "https://github.com/KnpLabs/snappy.git",
                "reference": "f29edc4e53429deec2b394926a8f743a0ad2e28e"
            },
            "dist": {
                "type": "zip",
                "url": "https://api.github.com/repos/KnpLabs/snappy/zipball/f29edc4e53429deec2b394926a8f743a0ad2e28e",
                "reference": "f29edc4e53429deec2b394926a8f743a0ad2e28e",
                "shasum": ""
            },
            "require": {
                "php": ">=5.3.0"
            },
            "require-dev": {
                "symfony/process": "~2.1"
            },
            "suggest": {
                "h4cc/wkhtmltopdf-amd64": "Provide wkhtmltopdf-amd64 binary, use version `0.12.0` as dependency",
                "h4cc/wkhtmltopdf-i386": "Provide wkhtmltopdf-i386 binary, use version `0.12.0` as dependency"
            },
            "type": "library",
            "extra": {
                "branch-alias": {
                    "dev-master": "0.3.x-dev"
                }
            },
            "autoload": {
                "psr-0": {
                    "Knp\\Snappy": "src/"
                }
            },
            "notification-url": "https://packagist.org/downloads/",
            "license": [
                "MIT"
            ],
            "authors": [
                {
                    "name": "KnpLabs Team",
                    "homepage": "http://knplabs.com"
                },
                {
                    "name": "Symfony Community",
                    "homepage": "http://github.com/KnpLabs/snappy/contributors"
                }
            ],
            "description": "PHP5 library allowing thumbnail, snapshot or PDF generation from a url or a html page. Wrapper for wkhtmltopdf/wkhtmltoimage.",
            "homepage": "http://github.com/KnpLabs/snappy",
            "keywords": [
                "knp",
                "knplabs",
                "pdf",
                "snapshot",
                "thumbnail",
                "wkhtmltopdf"
            ],
            "time": "2015-05-07 07:43:07"
        }
    ],
    "packages-dev": [],
    "aliases": [],
    "minimum-stability": "stable",
    "stability-flags": [],
    "prefer-stable": false,
    "prefer-lowest": false,
    "platform": [],
    "platform-dev": []
}
