{
    "_readme": [
        "This file locks the dependencies of your project to a known state",
        "Read more about it at http://getcomposer.org/doc/01-basic-usage.md#composer-lock-the-lock-file",
        "This file is @generated automatically"
    ],
    "hash": "fd73cb4b53781ef5295d341c260b6669",
    "packages": [
        {
            "name": "facebook/php-sdk-v4",
            "version": "4.0.13",
            "source": {
                "type": "git",
                "url": "https://github.com/facebook/facebook-php-sdk-v4.git",
                "reference": "ba732909485ae25484584a11202927ef2c70acd3"
            },
            "dist": {
                "type": "zip",
                "url": "https://api.github.com/repos/facebook/facebook-php-sdk-v4/zipball/ba732909485ae25484584a11202927ef2c70acd3",
                "reference": "ba732909485ae25484584a11202927ef2c70acd3",
                "shasum": ""
            },
            "require": {
                "php": ">=5.4.0"
            },
            "require-dev": {
                "guzzlehttp/guzzle": "~4.0",
                "mockery/mockery": "dev-master",
                "phpunit/phpunit": "3.7.*"
            },
            "suggest": {
                "guzzlehttp/guzzle": "Allows for implementation of the Guzzle HTTP client"
            },
            "type": "library",
            "autoload": {
                "psr-4": {
                    "Facebook\\": "src/Facebook/"
                }
            },
            "notification-url": "https://packagist.org/downloads/",
            "license": [
                "Facebook Platform"
            ],
            "authors": [
                {
                    "name": "Facebook",
                    "homepage": "https://github.com/facebook/facebook-php-sdk-v4/contributors"
                }
            ],
            "description": "Facebook SDK for PHP",
            "homepage": "https://github.com/facebook/facebook-php-sdk-v4",
            "keywords": [
                "facebook",
                "sdk"
            ],
            "time": "2014-12-12 19:49:23"
        },
        {
            "name": "knplabs/knp-snappy",
            "version": "0.2.0",
            "source": {
                "type": "git",
                "url": "https://github.com/KnpLabs/snappy.git",
                "reference": "4bc7af878a003a2c1ef3c4d8b08851537cb07486"
            },
            "dist": {
                "type": "zip",
                "url": "https://api.github.com/repos/KnpLabs/snappy/zipball/4bc7af878a003a2c1ef3c4d8b08851537cb07486",
                "reference": "4bc7af878a003a2c1ef3c4d8b08851537cb07486",
                "shasum": ""
            },
            "require": {
                "php": ">=5.3.0"
            },
            "suggest": {
                "google/wkhtmltopdf-amd64": "Provide wkhtmltopdf-amd64 binary, use version `0.11.0-RC1` as dependency",
                "google/wkhtmltopdf-i386": "Provide wkhtmltopdf-i386 binary, use version `0.11.0-RC1` as dependency",
                "symfony/process": "Process Component of Symfony2."
            },
            "type": "library",
            "extra": {
                "branch-alias": {
                    "dev-master": "0.1.x-dev"
                }
            },
            "autoload": {
                "psr-0": {
                    "Knp\\Snappy": "src/"
                }
            },
            "notification-url": "https://packagist.org/downloads/",
            "license": [
                "MIT"
            ],
            "authors": [
                {
                    "name": "KnpLabs Team",
                    "homepage": "http://knplabs.com"
                },
                {
                    "name": "Symfony Community",
                    "homepage": "http://github.com/KnpLabs/snappy/contributors"
                }
            ],
            "description": "PHP5 library allowing thumbnail, snapshot or PDF generation from a url or a html page. Wrapper for wkhtmltopdf/wkhtmltoimage.",
            "homepage": "http://github.com/KnpLabs/snappy",
            "keywords": [
                "knp",
                "knplabs",
                "pdf",
                "snapshot",
                "thumbnail",
                "wkhtmltopdf"
            ],
            "time": "2014-03-20 15:05:12"
        }
    ],
    "packages-dev": [],
    "aliases": [],
    "minimum-stability": "stable",
    "stability-flags": [],
    "prefer-stable": false,
    "prefer-lowest": false,
    "platform": [],
    "platform-dev": []
}
