{
    "_readme": [
        "This file locks the dependencies of your project to a known state",
        "Read more about it at http://getcomposer.org/doc/01-basic-usage.md#composer-lock-the-lock-file"
    ],
    "hash": "adc45f7b7043e747a202300542d5e247",
    "packages": [
        {
            "name": "knplabs/knp-snappy",
            "version": "0.1.2",
            "source": {
                "type": "git",
                "url": "https://github.com/KnpLabs/snappy.git",
                "reference": "1f56b336f8e158b57dcfce007234363cbb54192b"
            },
            "dist": {
                "type": "zip",
                "url": "https://api.github.com/repos/KnpLabs/snappy/zipball/1f56b336f8e158b57dcfce007234363cbb54192b",
                "reference": "1f56b336f8e158b57dcfce007234363cbb54192b",
                "shasum": ""
            },
            "require": {
                "php": ">=5.3.0"
            },
            "suggest": {
                "google/wkhtmltopdf-amd64": "Provide wkhtmltopdf-amd64 binary, use version `0.11.0-RC1` as dependency",
                "google/wkhtmltopdf-i386": "Provide wkhtmltopdf-i386 binary, use version `0.11.0-RC1` as dependency",
                "symfony/process": "Process Component of Symfony2."
            },
            "type": "library",
            "autoload": {
                "psr-0": {
                    "Knp\\Snappy": "src/"
                }
            },
            "notification-url": "https://packagist.org/downloads/",
            "license": [
                "MIT"
            ],
            "authors": [
                {
                    "name": "KnpLabs Team",
                    "homepage": "http://knplabs.com"
                },
                {
                    "name": "Symfony Community",
                    "homepage": "http://github.com/KnpLabs/snappy/contributors"
                }
            ],
            "description": "PHP5 library allowing thumbnail, snapshot or PDF generation from a url or a html page. Wrapper for wkhtmltopdf/wkhtmltoimage.",
            "homepage": "http://github.com/KnpLabs/snappy",
            "keywords": [
                "knp",
                "knplabs",
                "pdf",
                "snapshot",
                "thumbnail",
                "wkhtmltopdf"
            ],
            "time": "2013-09-06 14:16:50"
        }
    ],
    "packages-dev": [

    ],
    "aliases": [

    ],
    "minimum-stability": "stable",
    "stability-flags": [

    ],
    "platform": [

    ],
    "platform-dev": [

    ]
}
