{
  "requires": true,
  "lockfileVersion": 1,
  "dependencies": {
    "@popperjs/core": {
      "version": "2.9.0",
      "resolved": "https://registry.npmjs.org/@popperjs/core/-/core-2.9.0.tgz",
      "integrity": "sha512-wjtKehFAIARq2OxK8j3JrggNlEslJfNuSm2ArteIbKyRMts2g0a7KzTxfRVNUM+O0gnBJ2hNV8nWPOYBgI1sew=="
    },
    "@tippyjs/react": {
      "version": "4.2.3",
      "resolved": "https://registry.npmjs.org/@tippyjs/react/-/react-4.2.3.tgz",
      "integrity": "sha512-44vBapqROQI7Q5nDtX1MMAgcAV+3DsIi+m/45CxQ72C5LDNmNDq9h3f04x3NHMrUhWcfgfgjYA2EmeLSH/4eRg==",
      "requires": {
        "tippy.js": "^6.3.1"
      }
    },
    "tippy.js": {
      "version": "6.3.1",
      "resolved": "https://registry.npmjs.org/tippy.js/-/tippy.js-6.3.1.tgz",
      "integrity": "sha512-JnFncCq+rF1dTURupoJ4yPie5Cof978inW6/4S6kmWV7LL9YOSEVMifED3KdrVPEG+Z/TFH2CDNJcQEfaeuQww==",
      "requires": {
        "@popperjs/core": "^2.8.3"
      }
    }
  }
}
