# THIS IS AN AUTOGENERATED FILE. DO NOT EDIT THIS FILE DIRECTLY.
# yarn lockfile v1


"@authenio/samlify-node-xmllint@^2.0.0":
  version "2.0.0"
  resolved "https://registry.yarnpkg.com/@authenio/samlify-node-xmllint/-/samlify-node-xmllint-2.0.0.tgz#74bf7dc540506a25e842ae72d492afec627b3a6d"
  integrity sha512-V9cQ0CHqu3JwOmbSecGPUnzIES5kHxD00FEZKnWh90ksQUJG5/TscV2r9XLbKp7MlRMOSUfWxecM35xPSLFdSg==
  dependencies:
    node-xmllint "^1.0.0"

"@authenio/xml-encryption@^1.2.2":
  version "1.2.2"
  resolved "https://registry.yarnpkg.com/@authenio/xml-encryption/-/xml-encryption-1.2.2.tgz#87cbfe7a9efa9e283ba4c743f9ba5b4f6e06d36c"
  integrity sha512-DARJx+HwQ/jgVF+rOFwYFDWqFIZGueIKmwSRsTBPlEw9tkCFWWv53MdwScKfVX0tiZFNJshRR99fdKnzXnxyvg==
  dependencies:
    escape-html "^1.0.3"
    node-forge "^0.10.0"
    xmldom "~0.1.15"
    xpath "0.0.27"

asn1@^0.2.4:
  version "0.2.4"
  resolved "https://registry.yarnpkg.com/asn1/-/asn1-0.2.4.tgz#8d2475dfab553bb33e77b54e59e880bb8ce23136"
  integrity sha512-jxwzQpLQjSmWXgwaCZE9Nz+glAG01yF1QnWgbhGwHI5A6FRIEY6IVqtHhIepHqI7/kyEyQEagBC5mBEFlIYvdg==
  dependencies:
    safer-buffer "~2.1.0"

axios@^0.21.1:
  version "0.21.1"
  resolved "https://registry.yarnpkg.com/axios/-/axios-0.21.1.tgz#22563481962f4d6bde9a76d516ef0e5d3c09b2b8"
  integrity sha512-dKQiRHxGD9PPRIUNIWvZhPTPpl1rf/OxTYKsqKUDjBwYylTvV7SjSHJb9ratfyzM6wCdLCOYLzs73qpg5c4iGA==
  dependencies:
    follow-redirects "^1.10.0"

camelcase@^5.3.1:
  version "5.3.1"
  resolved "https://registry.yarnpkg.com/camelcase/-/camelcase-5.3.1.tgz#e3c9b31569e106811df242f715725a1f4c494320"
  integrity sha512-L28STB170nwWS63UjtlEOE3dldQApaJXZkOI1uMFfzf3rRuPegHaHesyee+YxQ+W6SvRDQV6UrdOdRiR153wJg==

escape-html@^1.0.3:
  version "1.0.3"
  resolved "https://registry.yarnpkg.com/escape-html/-/escape-html-1.0.3.tgz#0258eae4d3d0c0974de1c169188ef0051d1d1988"
  integrity sha1-Aljq5NPQwJdN4cFpGI7wBR0dGYg=

follow-redirects@^1.10.0:
  version "1.13.1"
  resolved "https://registry.yarnpkg.com/follow-redirects/-/follow-redirects-1.13.1.tgz#5f69b813376cee4fd0474a3aba835df04ab763b7"
  integrity sha512-SSG5xmZh1mkPGyKzjZP8zLjltIfpW32Y5QpdNJyjcfGxK3qo3NDDkZOZSFiGn1A6SclQxY9GzEwAHQ3dmYRWpg==

node-forge@^0.10.0:
  version "0.10.0"
  resolved "https://registry.yarnpkg.com/node-forge/-/node-forge-0.10.0.tgz#32dea2afb3e9926f02ee5ce8794902691a676bf3"
  integrity sha512-PPmu8eEeG9saEUvI97fm4OYxXVB6bFvyNTyiUOBichBpFG8A1Ljw3bY62+5oOjDEMHRnd0Y7HQ+x7uzxOzC6JA==

node-rsa@^1.0.5:
  version "1.1.1"
  resolved "https://registry.yarnpkg.com/node-rsa/-/node-rsa-1.1.1.tgz#efd9ad382097782f506153398496f79e4464434d"
  integrity sha512-Jd4cvbJMryN21r5HgxQOpMEqv+ooke/korixNNK3mGqfGJmy0M77WDDzo/05969+OkMy3XW1UuZsSmW9KQm7Fw==
  dependencies:
    asn1 "^0.2.4"

node-xmllint@^1.0.0:
  version "1.0.0"
  resolved "https://registry.yarnpkg.com/node-xmllint/-/node-xmllint-1.0.0.tgz#f680457eb0166a3d06996f1242d34d47000fe55b"
  integrity sha1-9oBFfrAWaj0GmW8SQtNNRwAP5Vs=

pako@^1.0.10:
  version "1.0.11"
  resolved "https://registry.yarnpkg.com/pako/-/pako-1.0.11.tgz#6c9599d340d54dfd3946380252a35705a6b992bf"
  integrity sha512-4hLB8Py4zZce5s4yd9XzopqwVv/yGNhV1Bl8NTmCq1763HeK2+EwVTv+leGeL13Dnh2wfbqowVPXCIO0z4taYw==

safer-buffer@~2.1.0:
  version "2.1.2"
  resolved "https://registry.yarnpkg.com/safer-buffer/-/safer-buffer-2.1.2.tgz#44fa161b0187b9549dd84bb91802f9bd8385cd6a"
  integrity sha512-YZo3K82SD7Riyi0E1EQPojLz7kpepnSQI9IyPbHHg1XXXevb5dJI7tpyN2ADxGcQbHG7vcyRHk0cbwqcQriUtg==

samlify@^2.7.6:
  version "2.7.6"
  resolved "https://registry.yarnpkg.com/samlify/-/samlify-2.7.6.tgz#dfbdd839558bca5c07a752970a2b679cbe2db3d9"
  integrity sha512-yYB5jAr+vss9mkZfYmDwQmKE5nAUmEhSTa+qBK0dX/XYLhP8gTQtspvWx2bZUIvB3Alq6bWdPh1PvbaWdpokAA==
  dependencies:
    "@authenio/xml-encryption" "^1.2.2"
    camelcase "^5.3.1"
    node-forge "^0.10.0"
    node-rsa "^1.0.5"
    pako "^1.0.10"
    uuid "^3.3.2"
    xml "^1.0.1"
    xml-crypto "^2.0.0"
    xmldom "^0.1.27"
    xpath "^0.0.27"

uuid@^3.3.2:
  version "3.4.0"
  resolved "https://registry.yarnpkg.com/uuid/-/uuid-3.4.0.tgz#b23e4358afa8a202fe7a100af1f5f883f02007ee"
  integrity sha512-HjSDRw6gZE5JMggctHBcjVak08+KEVhSIiDzFnT9S9aegmp85S/bReBVTb4QTFaRNptJ9kuYaNhnbNEOkbKb/A==

xml-crypto@^2.0.0:
  version "2.0.0"
  resolved "https://registry.yarnpkg.com/xml-crypto/-/xml-crypto-2.0.0.tgz#54cd268ad9d31930afcf7092cbb664258ca9e826"
  integrity sha512-/a04qr7RpONRZHOxROZ6iIHItdsQQjN3sj8lJkYDDss8tAkEaAs0VrFjb3tlhmS5snQru5lTs9/5ISSMdPDHlg==
  dependencies:
    xmldom "0.1.27"
    xpath "0.0.27"

xml@^1.0.1:
  version "1.0.1"
  resolved "https://registry.yarnpkg.com/xml/-/xml-1.0.1.tgz#78ba72020029c5bc87b8a81a3cfcd74b4a2fc1e5"
  integrity sha1-eLpyAgApxbyHuKgaPPzXS0ovweU=

xmldom@0.1.27:
  version "0.1.27"
  resolved "https://registry.yarnpkg.com/xmldom/-/xmldom-0.1.27.tgz#d501f97b3bdb403af8ef9ecc20573187aadac0e9"
  integrity sha1-1QH5ezvbQDr4757MIFcxh6rawOk=

xmldom@^0.1.27, xmldom@~0.1.15:
  version "0.1.31"
  resolved "https://registry.yarnpkg.com/xmldom/-/xmldom-0.1.31.tgz#b76c9a1bd9f0a9737e5a72dc37231cf38375e2ff"
  integrity sha512-yS2uJflVQs6n+CyjHoaBmVSqIDevTAWrzMmjG1Gc7h1qQ7uVozNhEPJAwZXWyGQ/Gafo3fCwrcaokezLPupVyQ==

xpath@0.0.27, xpath@^0.0.27:
  version "0.0.27"
  resolved "https://registry.yarnpkg.com/xpath/-/xpath-0.0.27.tgz#dd3421fbdcc5646ac32c48531b4d7e9d0c2cfa92"
  integrity sha512-fg03WRxtkCV6ohClePNAECYsmpKKTv5L8y/X3Dn1hQrec3POx2jHZ/0P2qQ6HvsrU1BmeqXcof3NGGueG6LxwQ==
